{
  "name": "app",
  "requires": true,
  "lockfileVersion": 1,
  "dependencies": {
    "@hotwired/stimulus": {
      "version": "3.0.1",
      "resolved": "https://registry.npmjs.org/@hotwired/stimulus/-/stimulus-3.0.1.tgz",
      "integrity": "sha512-oHsJhgY2cip+K2ED7vKUNd2P+BEswVhrCYcJ802DSsblJFv7mPFVk3cQKvm2vHgHeDVdnj7oOKrBbzp1u8D+KA=="
    },
    "@hotwired/turbo": {
      "version": "7.1.0",
      "resolved": "https://registry.npmjs.org/@hotwired/turbo/-/turbo-7.1.0.tgz",
      "integrity": "sha512-Q8kGjqwPqER+CtpQudbH+3Zgs2X4zb6pBAlr6NsKTXadg45pAOvxI9i4QpuHbwSzR2+x87HUm+rot9F/Pe8rxA=="
    },
    "@hotwired/turbo-rails": {
      "version": "7.1.0",
      "resolved": "https://registry.npmjs.org/@hotwired/turbo-rails/-/turbo-rails-7.1.0.tgz",
      "integrity": "sha512-eB/PTZQYl7dPm51AfBwm0sBpohJ7eir/JmuOfwJG297lEEA8sFcvpxVON/87Ne97OyAOcORZtLpX0KB+t9afyw==",
      "requires": {
        "@hotwired/turbo": "^7.1.0",
        "@rails/actioncable": "^6.0.0"
      }
    },
    "@popperjs/core": {
      "version": "2.11.0",
      "resolved": "https://registry.npmjs.org/@popperjs/core/-/core-2.11.0.tgz",
      "integrity": "sha512-zrsUxjLOKAzdewIDRWy9nsV1GQsKBCWaGwsZQlCgr6/q+vjyZhFgqedLfFBuI9anTPEUT4APq9Mu0SZBTzIcGQ=="
    },
    "@rails/actioncable": {
      "version": "6.1.4",
      "resolved": "https://registry.npmjs.org/@rails/actioncable/-/actioncable-6.1.4.tgz",
      "integrity": "sha512-0LmSKJTuo2dL6BQ+9xxLnS9lbkyfz2mBGeBnQ2J7o9Bn0l0q+ZC6VuoZMZZXPvABI4QT7Nfknv5WhfKYL+boew=="
    },
    "@sindresorhus/is": {
      "version": "4.2.0",
      "resolved": "https://registry.npmjs.org/@sindresorhus/is/-/is-4.2.0.tgz",
      "integrity": "sha512-VkE3KLBmJwcCaVARtQpfuKcKv8gcBmUubrfHGF84dXuuW6jgsRYxPtzcIhPyK9WAPpRt2/xY6zkD9MnRaJzSyw=="
    },
    "@szmarczak/http-timer": {
      "version": "4.0.6",
      "resolved": "https://registry.npmjs.org/@szmarczak/http-timer/-/http-timer-4.0.6.tgz",
      "integrity": "sha512-4BAffykYOgO+5nzBWYwE3W90sBgLJoUPRWWcL8wlyiM8IB8ipJz3UMJ9KXQd1RKQXpKp8Tutn80HZtWsu2u76w==",
      "requires": {
        "defer-to-connect": "^2.0.0"
      }
    },
    "@types/cacheable-request": {
      "version": "6.0.2",
      "resolved": "https://registry.npmjs.org/@types/cacheable-request/-/cacheable-request-6.0.2.tgz",
      "integrity": "sha512-B3xVo+dlKM6nnKTcmm5ZtY/OL8bOAOd2Olee9M1zft65ox50OzjEHW91sDiU9j6cvW8Ejg1/Qkf4xd2kugApUA==",
      "requires": {
        "@types/http-cache-semantics": "*",
        "@types/keyv": "*",
        "@types/node": "*",
        "@types/responselike": "*"
      }
    },
    "@types/http-cache-semantics": {
      "version": "4.0.1",
      "resolved": "https://registry.npmjs.org/@types/http-cache-semantics/-/http-cache-semantics-4.0.1.tgz",
      "integrity": "sha512-SZs7ekbP8CN0txVG2xVRH6EgKmEm31BOxA07vkFaETzZz1xh+cbt8BcI0slpymvwhx5dlFnQG2rTlPVQn+iRPQ=="
    },
    "@types/keyv": {
      "version": "3.1.3",
      "resolved": "https://registry.npmjs.org/@types/keyv/-/keyv-3.1.3.tgz",
      "integrity": "sha512-FXCJgyyN3ivVgRoml4h94G/p3kY+u/B86La+QptcqJaWtBWtmc6TtkNfS40n9bIvyLteHh7zXOtgbobORKPbDg==",
      "requires": {
        "@types/node": "*"
      }
    },
    "@types/node": {
      "version": "17.0.7",
      "resolved": "https://registry.npmjs.org/@types/node/-/node-17.0.7.tgz",
      "integrity": "sha512-1QUk+WAUD4t8iR+Oj+UgI8oJa6yyxaB8a8pHaC8uqM6RrS1qbL7bf3Pwl5rHv0psm2CuDErgho6v5N+G+5fwtQ=="
    },
    "@types/responselike": {
      "version": "1.0.0",
      "resolved": "https://registry.npmjs.org/@types/responselike/-/responselike-1.0.0.tgz",
      "integrity": "sha512-85Y2BjiufFzaMIlvJDvTTB8Fxl2xfLo4HgmHzVBz08w4wDePCTjYw66PdrolO0kzli3yam/YCgRufyo1DdQVTA==",
      "requires": {
        "@types/node": "*"
      }
    },
    "anymatch": {
      "version": "3.1.2",
      "resolved": "https://registry.npmjs.org/anymatch/-/anymatch-3.1.2.tgz",
      "integrity": "sha512-P43ePfOAIupkguHUycrc4qJ9kz8ZiuOUijaETwX7THt0Y/GNK7v0aa8rY816xWjZ7rJdA5XdMcpVFTKMq+RvWg==",
      "requires": {
        "normalize-path": "^3.0.0",
        "picomatch": "^2.0.4"
      }
    },
    "binary-extensions": {
      "version": "2.2.0",
      "resolved": "https://registry.npmjs.org/binary-extensions/-/binary-extensions-2.2.0.tgz",
      "integrity": "sha512-jDctJ/IVQbZoJykoeHbhXpOlNBqGNcwXJKJog42E5HDPUwQTSdjCHdihjj0DlnheQ7blbT6dHOafNAiS8ooQKA=="
    },
    "bootstrap": {
      "version": "5.1.3",
      "resolved": "https://registry.npmjs.org/bootstrap/-/bootstrap-5.1.3.tgz",
      "integrity": "sha512-fcQztozJ8jToQWXxVuEyXWW+dSo8AiXWKwiSSrKWsRB/Qt+Ewwza+JWoLKiTuQLaEPhdNAJ7+Dosc9DOIqNy7Q=="
    },
    "braces": {
      "version": "3.0.2",
      "resolved": "https://registry.npmjs.org/braces/-/braces-3.0.2.tgz",
      "integrity": "sha512-b8um+L1RzM3WDSzvhm6gIz1yfTbBt6YTlcEKAvsmqCZZFw46z626lVj9j1yEPW33H5H+lBQpZMP1k8l+78Ha0A==",
      "requires": {
        "fill-range": "^7.0.1"
      }
    },
    "cacheable-lookup": {
      "version": "5.0.4",
      "resolved": "https://registry.npmjs.org/cacheable-lookup/-/cacheable-lookup-5.0.4.tgz",
      "integrity": "sha512-2/kNscPhpcxrOigMZzbiWF7dz8ilhb/nIHU3EyZiXWXpeq/au8qJ8VhdftMkty3n7Gj6HIGalQG8oiBNB3AJgA=="
    },
    "cacheable-request": {
      "version": "7.0.2",
      "resolved": "https://registry.npmjs.org/cacheable-request/-/cacheable-request-7.0.2.tgz",
      "integrity": "sha512-pouW8/FmiPQbuGpkXQ9BAPv/Mo5xDGANgSNXzTzJ8DrKGuXOssM4wIQRjfanNRh3Yu5cfYPvcorqbhg2KIJtew==",
      "requires": {
        "clone-response": "^1.0.2",
        "get-stream": "^5.1.0",
        "http-cache-semantics": "^4.0.0",
        "keyv": "^4.0.0",
        "lowercase-keys": "^2.0.0",
        "normalize-url": "^6.0.1",
        "responselike": "^2.0.0"
      }
    },
    "chokidar": {
      "version": "3.5.2",
      "resolved": "https://registry.npmjs.org/chokidar/-/chokidar-3.5.2.tgz",
      "integrity": "sha512-ekGhOnNVPgT77r4K/U3GDhu+FQ2S8TnK/s2KbIGXi0SZWuwkZ2QNyfWdZW+TVfn84DpEP7rLeCt2UI6bJ8GwbQ==",
      "requires": {
        "anymatch": "~3.1.2",
        "braces": "~3.0.2",
        "fsevents": "~2.3.2",
        "glob-parent": "~5.1.2",
        "is-binary-path": "~2.1.0",
        "is-glob": "~4.0.1",
        "normalize-path": "~3.0.0",
        "readdirp": "~3.6.0"
      }
    },
    "clone-response": {
      "version": "1.0.2",
      "resolved": "https://registry.npmjs.org/clone-response/-/clone-response-1.0.2.tgz",
      "integrity": "sha1-0dyXOSAxTfZ/vrlCI7TuNQI56Ws=",
      "requires": {
        "mimic-response": "^1.0.0"
      }
    },
    "decompress-response": {
      "version": "6.0.0",
      "resolved": "https://registry.npmjs.org/decompress-response/-/decompress-response-6.0.0.tgz",
      "integrity": "sha512-aW35yZM6Bb/4oJlZncMH2LCoZtJXTRxES17vE3hoRiowU2kWHaJKFkSBDnDR+cm9J+9QhXmREyIfv0pji9ejCQ==",
      "requires": {
        "mimic-response": "^3.1.0"
      },
      "dependencies": {
        "mimic-response": {
          "version": "3.1.0",
          "resolved": "https://registry.npmjs.org/mimic-response/-/mimic-response-3.1.0.tgz",
          "integrity": "sha512-z0yWI+4FDrrweS8Zmt4Ej5HdJmky15+L2e6Wgn3+iK5fWzb6T3fhNFq2+MeTRb064c6Wr4N/wv0DzQTjNzHNGQ=="
        }
      }
    },
    "deep-extend": {
      "version": "0.6.0",
      "resolved": "https://registry.npmjs.org/deep-extend/-/deep-extend-0.6.0.tgz",
      "integrity": "sha512-LOHxIOaPYdHlJRtCQfDIVZtfw/ufM8+rVj649RIHzcm/vGwQRXFt6OPqIFWsm2XEMrNIEtWR64sY1LEKD2vAOA=="
    },
    "defer-to-connect": {
      "version": "2.0.1",
      "resolved": "https://registry.npmjs.org/defer-to-connect/-/defer-to-connect-2.0.1.tgz",
      "integrity": "sha512-4tvttepXG1VaYGrRibk5EwJd1t4udunSOVMdLSAL6mId1ix438oPwPZMALY41FCijukO1L0twNcGsdzS7dHgDg=="
    },
    "end-of-stream": {
      "version": "1.4.4",
      "resolved": "https://registry.npmjs.org/end-of-stream/-/end-of-stream-1.4.4.tgz",
      "integrity": "sha512-+uw1inIHVPQoaVuHzRyXd21icM+cnt4CzD5rW+NC1wjOUSTOs+Te7FOv7AhN7vS9x/oIyhLP5PR1H+phQAHu5Q==",
      "requires": {
        "once": "^1.4.0"
      }
    },
    "esbuild": {
      "version": "0.14.10",
      "resolved": "https://registry.npmjs.org/esbuild/-/esbuild-0.14.10.tgz",
      "integrity": "sha512-ibZb+NwFqBwHHJlpnFMtg4aNmVK+LUtYMFC9CuKs6lDCBEvCHpqCFZFEirpqt1jOugwKGx8gALNGvX56lQyfew==",
      "requires": {
        "esbuild-android-arm64": "0.14.10",
        "esbuild-darwin-64": "0.14.10",
        "esbuild-darwin-arm64": "0.14.10",
        "esbuild-freebsd-64": "0.14.10",
        "esbuild-freebsd-arm64": "0.14.10",
        "esbuild-linux-32": "0.14.10",
        "esbuild-linux-64": "0.14.10",
        "esbuild-linux-arm": "0.14.10",
        "esbuild-linux-arm64": "0.14.10",
        "esbuild-linux-mips64le": "0.14.10",
        "esbuild-linux-ppc64le": "0.14.10",
        "esbuild-linux-s390x": "0.14.10",
        "esbuild-netbsd-64": "0.14.10",
        "esbuild-openbsd-64": "0.14.10",
        "esbuild-sunos-64": "0.14.10",
        "esbuild-windows-32": "0.14.10",
        "esbuild-windows-64": "0.14.10",
        "esbuild-windows-arm64": "0.14.10"
      }
    },
    "esbuild-android-arm64": {
      "version": "0.14.10",
      "resolved": "https://registry.npmjs.org/esbuild-android-arm64/-/esbuild-android-arm64-0.14.10.tgz",
      "integrity": "sha512-vzkTafHKoiMX4uIN1kBnE/HXYLpNT95EgGanVk6DHGeYgDolU0NBxjO7yZpq4ZGFPOx8384eAdDrBYhO11TAlQ==",
      "optional": true
    },
    "esbuild-darwin-64": {
      "version": "0.14.10",
      "resolved": "https://registry.npmjs.org/esbuild-darwin-64/-/esbuild-darwin-64-0.14.10.tgz",
      "integrity": "sha512-DJwzFVB95ZV7C3PQbf052WqaUuuMFXJeZJ0LKdnP1w+QOU0rlbKfX0tzuhoS//rOXUj1TFIwRuRsd0FX6skR7A==",
      "optional": true
    },
    "esbuild-darwin-arm64": {
      "version": "0.14.10",
      "resolved": "https://registry.npmjs.org/esbuild-darwin-arm64/-/esbuild-darwin-arm64-0.14.10.tgz",
      "integrity": "sha512-RNaaoZDg3nsqs5z56vYCjk/VJ76npf752W0rOaCl5lO5TsgV9zecfdYgt7dtUrIx8b7APhVaNYud+tGsDOVC9g==",
      "optional": true
    },
    "esbuild-freebsd-64": {
      "version": "0.14.10",
      "resolved": "https://registry.npmjs.org/esbuild-freebsd-64/-/esbuild-freebsd-64-0.14.10.tgz",
      "integrity": "sha512-10B3AzW894u6bGZZhWiJOHw1uEHb4AFbUuBdyml1Ht0vIqd+KqWW+iY/yMwQAzILr2WJZqEhbOXRkJtY8aRqOw==",
      "optional": true
    },
    "esbuild-freebsd-arm64": {
      "version": "0.14.10",
      "resolved": "https://registry.npmjs.org/esbuild-freebsd-arm64/-/esbuild-freebsd-arm64-0.14.10.tgz",
      "integrity": "sha512-mSQrKB7UaWvuryBTCo9leOfY2uEUSimAvcKIaUWbk5Hth9Sg+Try+qNA/NibPgs/vHkX0KFo/Rce6RPea+P15g==",
      "optional": true
    },
    "esbuild-linux-32": {
      "version": "0.14.10",
      "resolved": "https://registry.npmjs.org/esbuild-linux-32/-/esbuild-linux-32-0.14.10.tgz",
      "integrity": "sha512-lktF09JgJLZ63ANYHIPdYe339PDuVn19Q/FcGKkXWf+jSPkn5xkYzAabboNGZNUgNqSJ/vY7VrOn6UrBbJjgYA==",
      "optional": true
    },
    "esbuild-linux-64": {
      "version": "0.14.10",
      "resolved": "https://registry.npmjs.org/esbuild-linux-64/-/esbuild-linux-64-0.14.10.tgz",
      "integrity": "sha512-K+gCQz2oLIIBI8ZM77e9sYD5/DwEpeYCrOQ2SYXx+R4OU2CT9QjJDi4/OpE7ko4AcYMlMW7qrOCuLSgAlEj4Wg==",
      "optional": true
    },
    "esbuild-linux-arm": {
      "version": "0.14.10",
      "resolved": "https://registry.npmjs.org/esbuild-linux-arm/-/esbuild-linux-arm-0.14.10.tgz",
      "integrity": "sha512-BYa60dZ/KPmNKYxtHa3LSEdfKWHcm/RzP0MjB4AeBPhjS0D6/okhaBesZIY9kVIGDyeenKsJNOmnVt4+dhNnvQ==",
      "optional": true
    },
    "esbuild-linux-arm64": {
      "version": "0.14.10",
      "resolved": "https://registry.npmjs.org/esbuild-linux-arm64/-/esbuild-linux-arm64-0.14.10.tgz",
      "integrity": "sha512-+qocQuQvcp5wo/V+OLXxqHPc+gxHttJEvbU/xrCGE03vIMqraL4wMua8JQx0SWEnJCWP+Nhf//v8OSwz1Xr5kA==",
      "optional": true
    },
    "esbuild-linux-mips64le": {
      "version": "0.14.10",
      "resolved": "https://registry.npmjs.org/esbuild-linux-mips64le/-/esbuild-linux-mips64le-0.14.10.tgz",
      "integrity": "sha512-nmUd2xoBXpGo4NJCEWoaBj+n4EtDoLEvEYc8Z3aSJrY0Oa6s04czD1flmhd0I/d6QEU8b7GQ9U0g/rtBfhtxBg==",
      "optional": true
    },
    "esbuild-linux-ppc64le": {
      "version": "0.14.10",
      "resolved": "https://registry.npmjs.org/esbuild-linux-ppc64le/-/esbuild-linux-ppc64le-0.14.10.tgz",
      "integrity": "sha512-vsOWZjm0rZix7HSmqwPph9arRVCyPtUpcURdayQDuIhMG2/UxJxpbdRaa//w4zYqcJzAWwuyH2PAlyy0ZNuxqQ==",
      "optional": true
    },
    "esbuild-linux-s390x": {
      "version": "0.14.10",
      "resolved": "https://registry.npmjs.org/esbuild-linux-s390x/-/esbuild-linux-s390x-0.14.10.tgz",
      "integrity": "sha512-knArKKZm0ypIYWOWyOT7+accVwbVV1LZnl2FWWy05u9Tyv5oqJ2F5+X2Vqe/gqd61enJXQWqoufXopvG3zULOg==",
      "optional": true
    },
    "esbuild-netbsd-64": {
      "version": "0.14.10",
      "resolved": "https://registry.npmjs.org/esbuild-netbsd-64/-/esbuild-netbsd-64-0.14.10.tgz",
      "integrity": "sha512-6Gg8neVcLeyq0yt9bZpReb8ntZ8LBEjthxrcYWVrBElcltnDjIy1hrzsujt0+sC2rL+TlSsE9dzgyuvlDdPp2w==",
      "optional": true
    },
    "esbuild-openbsd-64": {
      "version": "0.14.10",
      "resolved": "https://registry.npmjs.org/esbuild-openbsd-64/-/esbuild-openbsd-64-0.14.10.tgz",
      "integrity": "sha512-9rkHZzp10zI90CfKbFrwmQjqZaeDmyQ6s9/hvCwRkbOCHuto6RvMYH9ghQpcr5cUxD5OQIA+sHXi0zokRNXjcg==",
      "optional": true
    },
    "esbuild-sunos-64": {
      "version": "0.14.10",
      "resolved": "https://registry.npmjs.org/esbuild-sunos-64/-/esbuild-sunos-64-0.14.10.tgz",
      "integrity": "sha512-mEU+pqkhkhbwpJj5DiN3vL0GUFR/yrL3qj8ER1amIVyRibKbj02VM1QaIuk1sy5DRVIKiFXXgCaHvH3RNWCHIw==",
      "optional": true
    },
    "esbuild-windows-32": {
      "version": "0.14.10",
      "resolved": "https://registry.npmjs.org/esbuild-windows-32/-/esbuild-windows-32-0.14.10.tgz",
      "integrity": "sha512-Z5DieUL1N6s78dOSdL95KWf8Y89RtPGxIoMF+LEy8ChDsX+pZpz6uAVCn+YaWpqQXO+2TnrcbgBIoprq2Mco1g==",
      "optional": true
    },
    "esbuild-windows-64": {
      "version": "0.14.10",
      "resolved": "https://registry.npmjs.org/esbuild-windows-64/-/esbuild-windows-64-0.14.10.tgz",
      "integrity": "sha512-LE5Mm62y0Bilu7RDryBhHIX8rK3at5VwJ6IGM3BsASidCfOBTzqcs7Yy0/Vkq39VKeTmy9/66BAfVoZRNznoDw==",
      "optional": true
    },
    "esbuild-windows-arm64": {
      "version": "0.14.10",
      "resolved": "https://registry.npmjs.org/esbuild-windows-arm64/-/esbuild-windows-arm64-0.14.10.tgz",
      "integrity": "sha512-OJOyxDtabvcUYTc+O4dR0JMzLBz6G9+gXIHA7Oc5d5Fv1xiYa0nUeo8+W5s2e6ZkPRdIwOseYoL70rZz80S5BA==",
      "optional": true
    },
    "fill-range": {
      "version": "7.0.1",
      "resolved": "https://registry.npmjs.org/fill-range/-/fill-range-7.0.1.tgz",
      "integrity": "sha512-qOo9F+dMUmC2Lcb4BbVvnKJxTPjCm+RRpe4gDuGrzkL7mEVl/djYSu2OdQ2Pa302N4oqkSg9ir6jaLWJ2USVpQ==",
      "requires": {
        "to-regex-range": "^5.0.1"
      }
    },
    "fsevents": {
      "version": "2.3.2",
      "resolved": "https://registry.npmjs.org/fsevents/-/fsevents-2.3.2.tgz",
      "integrity": "sha512-xiqMQR4xAeHTuB9uWm+fFRcIOgKBMiOBP+eXiyT7jsgVCq1bkVygt00oASowB7EdtpOHaaPgKt812P9ab+DDKA==",
      "optional": true
    },
    "get-stream": {
      "version": "5.2.0",
      "resolved": "https://registry.npmjs.org/get-stream/-/get-stream-5.2.0.tgz",
      "integrity": "sha512-nBF+F1rAZVCu/p7rjzgA+Yb4lfYXrpl7a6VmJrU8wF9I1CKvP/QwPNZHnOlwbTkY6dvtFIzFMSyQXbLoTQPRpA==",
      "requires": {
        "pump": "^3.0.0"
      }
    },
    "glob-parent": {
      "version": "5.1.2",
      "resolved": "https://registry.npmjs.org/glob-parent/-/glob-parent-5.1.2.tgz",
      "integrity": "sha512-AOIgSQCepiJYwP3ARnGx+5VnTu2HBYdzbGP45eLw1vr3zB3vZLeyed1sC9hnbcOc9/SrMyM5RPQrkGz4aS9Zow==",
      "requires": {
        "is-glob": "^4.0.1"
      }
    },
    "got": {
      "version": "11.8.3",
      "resolved": "https://registry.npmjs.org/got/-/got-11.8.3.tgz",
      "integrity": "sha512-7gtQ5KiPh1RtGS9/Jbv1ofDpBFuq42gyfEib+ejaRBJuj/3tQFeR5+gw57e4ipaU8c/rCjvX6fkQz2lyDlGAOg==",
      "requires": {
        "@sindresorhus/is": "^4.0.0",
        "@szmarczak/http-timer": "^4.0.5",
        "@types/cacheable-request": "^6.0.1",
        "@types/responselike": "^1.0.0",
        "cacheable-lookup": "^5.0.3",
        "cacheable-request": "^7.0.2",
        "decompress-response": "^6.0.0",
        "http2-wrapper": "^1.0.0-beta.5.2",
        "lowercase-keys": "^2.0.0",
        "p-cancelable": "^2.0.0",
        "responselike": "^2.0.0"
      }
    },
    "http-cache-semantics": {
      "version": "4.1.0",
      "resolved": "https://registry.npmjs.org/http-cache-semantics/-/http-cache-semantics-4.1.0.tgz",
      "integrity": "sha512-carPklcUh7ROWRK7Cv27RPtdhYhUsela/ue5/jKzjegVvXDqM2ILE9Q2BGn9JZJh1g87cp56su/FgQSzcWS8cQ=="
    },
    "http2-wrapper": {
      "version": "1.0.3",
      "resolved": "https://registry.npmjs.org/http2-wrapper/-/http2-wrapper-1.0.3.tgz",
      "integrity": "sha512-V+23sDMr12Wnz7iTcDeJr3O6AIxlnvT/bmaAAAP/Xda35C90p9599p0F1eHR/N1KILWSoWVAiOMFjBBXaXSMxg==",
      "requires": {
        "quick-lru": "^5.1.1",
        "resolve-alpn": "^1.0.0"
      }
    },
    "immutable": {
      "version": "4.0.0",
      "resolved": "https://registry.npmjs.org/immutable/-/immutable-4.0.0.tgz",
      "integrity": "sha512-zIE9hX70qew5qTUjSS7wi1iwj/l7+m54KWU247nhM3v806UdGj1yDndXj+IOYxxtW9zyLI+xqFNZjTuDaLUqFw=="
    },
    "ini": {
      "version": "1.3.8",
      "resolved": "https://registry.npmjs.org/ini/-/ini-1.3.8.tgz",
      "integrity": "sha512-JV/yugV2uzW5iMRSiZAyDtQd+nxtUnjeLt0acNdw98kKLrvuRVyB80tsREOE7yvGVgalhZ6RNXCmEHkUKBKxew=="
    },
    "is-binary-path": {
      "version": "2.1.0",
      "resolved": "https://registry.npmjs.org/is-binary-path/-/is-binary-path-2.1.0.tgz",
      "integrity": "sha512-ZMERYes6pDydyuGidse7OsHxtbI7WVeUEozgR/g7rd0xUimYNlvZRE/K2MgZTjWy725IfelLeVcEM97mmtRGXw==",
      "requires": {
        "binary-extensions": "^2.0.0"
      }
    },
    "is-extglob": {
      "version": "2.1.1",
      "resolved": "https://registry.npmjs.org/is-extglob/-/is-extglob-2.1.1.tgz",
      "integrity": "sha1-qIwCU1eR8C7TfHahueqXc8gz+MI="
    },
    "is-glob": {
      "version": "4.0.3",
      "resolved": "https://registry.npmjs.org/is-glob/-/is-glob-4.0.3.tgz",
      "integrity": "sha512-xelSayHH36ZgE7ZWhli7pW34hNbNl8Ojv5KVmkJD4hBdD3th8Tfk9vYasLM+mXWOZhFkgZfxhLSnrwRr4elSSg==",
      "requires": {
        "is-extglob": "^2.1.1"
      }
    },
    "is-number": {
      "version": "7.0.0",
      "resolved": "https://registry.npmjs.org/is-number/-/is-number-7.0.0.tgz",
      "integrity": "sha512-41Cifkg6e8TylSpdtTpeLVMqvSBEVzTttHvERD741+pnZ8ANv0004MRL43QKPDlK9cGvNp6NZWZUBlbGXYxxng=="
    },
    "json-buffer": {
      "version": "3.0.1",
      "resolved": "https://registry.npmjs.org/json-buffer/-/json-buffer-3.0.1.tgz",
      "integrity": "sha512-4bV5BfR2mqfQTJm+V5tPPdf+ZpuhiIvTuAB5g8kcrXOZpTT/QwwVRWBywX1ozr6lEuPdbHxwaJlm9G6mI2sfSQ=="
    },
    "keyv": {
      "version": "4.0.4",
      "resolved": "https://registry.npmjs.org/keyv/-/keyv-4.0.4.tgz",
      "integrity": "sha512-vqNHbAc8BBsxk+7QBYLW0Y219rWcClspR6WSeoHYKG5mnsSoOH+BL1pWq02DDCVdvvuUny5rkBlzMRzoqc+GIg==",
      "requires": {
        "json-buffer": "3.0.1"
      }
    },
    "latest-version": {
      "version": "6.0.0",
      "resolved": "https://registry.npmjs.org/latest-version/-/latest-version-6.0.0.tgz",
      "integrity": "sha512-zfTuGx4PwpoSJ1mABs58AkM6qMzu49LZ7LT5JHprKvpGpQ+cYtfSibi3tLLrH4z7UylYU42rfBdwN8YgqbTljA==",
      "requires": {
        "package-json": "^7.0.0"
      }
    },
    "lowercase-keys": {
      "version": "2.0.0",
      "resolved": "https://registry.npmjs.org/lowercase-keys/-/lowercase-keys-2.0.0.tgz",
      "integrity": "sha512-tqNXrS78oMOE73NMxK4EMLQsQowWf8jKooH9g7xPavRT706R6bkQJ6DY2Te7QukaZsulxa30wQ7bk0pm4XiHmA=="
    },
    "lru-cache": {
      "version": "6.0.0",
      "resolved": "https://registry.npmjs.org/lru-cache/-/lru-cache-6.0.0.tgz",
      "integrity": "sha512-Jo6dJ04CmSjuznwJSS3pUeWmd/H0ffTlkXXgwZi+eq1UCmqQwCh+eLsYOYCwY991i2Fah4h1BEMCx4qThGbsiA==",
      "requires": {
        "yallist": "^4.0.0"
      }
    },
    "mimic-response": {
      "version": "1.0.1",
      "resolved": "https://registry.npmjs.org/mimic-response/-/mimic-response-1.0.1.tgz",
      "integrity": "sha512-j5EctnkH7amfV/q5Hgmoal1g2QHFJRraOtmx0JpIqkxhBhI/lJSl1nMpQ45hVarwNETOoWEimndZ4QK0RHxuxQ=="
    },
    "minimist": {
      "version": "1.2.5",
      "resolved": "https://registry.npmjs.org/minimist/-/minimist-1.2.5.tgz",
      "integrity": "sha512-FM9nNUYrRBAELZQT3xeZQ7fmMOBg6nWNmJKTcgsJeaLstP/UODVpGsr5OhXhhXg6f+qtJ8uiZ+PUxkDWcgIXLw=="
    },
    "normalize-path": {
      "version": "3.0.0",
      "resolved": "https://registry.npmjs.org/normalize-path/-/normalize-path-3.0.0.tgz",
      "integrity": "sha512-6eZs5Ls3WtCisHWp9S2GUy8dqkpGi4BVSz3GaqiE6ezub0512ESztXUwUB6C6IKbQkY2Pnb/mD4WYojCRwcwLA=="
    },
    "normalize-url": {
      "version": "6.1.0",
      "resolved": "https://registry.npmjs.org/normalize-url/-/normalize-url-6.1.0.tgz",
      "integrity": "sha512-DlL+XwOy3NxAQ8xuC0okPgK46iuVNAK01YN7RueYBqqFeGsBjV9XmCAzAdgt+667bCl5kPh9EqKKDwnaPG1I7A=="
    },
    "once": {
      "version": "1.4.0",
      "resolved": "https://registry.npmjs.org/once/-/once-1.4.0.tgz",
      "integrity": "sha1-WDsap3WWHUsROsF9nFC6753Xa9E=",
      "requires": {
        "wrappy": "1"
      }
    },
    "p-cancelable": {
      "version": "2.1.1",
      "resolved": "https://registry.npmjs.org/p-cancelable/-/p-cancelable-2.1.1.tgz",
      "integrity": "sha512-BZOr3nRQHOntUjTrH8+Lh54smKHoHyur8We1V8DSMVrl5A2malOOwuJRnKRDjSnkoeBh4at6BwEnb5I7Jl31wg=="
    },
    "package-json": {
      "version": "7.0.0",
      "resolved": "https://registry.npmjs.org/package-json/-/package-json-7.0.0.tgz",
      "integrity": "sha512-CHJqc94AA8YfSLHGQT3DbvSIuE12NLFekpM4n7LRrAd3dOJtA911+4xe9q6nC3/jcKraq7nNS9VxgtT0KC+diA==",
      "requires": {
        "got": "^11.8.2",
        "registry-auth-token": "^4.0.0",
        "registry-url": "^5.0.0",
        "semver": "^7.3.5"
      }
    },
    "picomatch": {
      "version": "2.3.1",
      "resolved": "https://registry.npmjs.org/picomatch/-/picomatch-2.3.1.tgz",
      "integrity": "sha512-JU3teHTNjmE2VCGFzuY8EXzCDVwEqB2a8fsIvwaStHhAWJEeVd1o1QD80CU6+ZdEXXSLbSsuLwJjkCBWqRQUVA=="
    },
    "pump": {
      "version": "3.0.0",
      "resolved": "https://registry.npmjs.org/pump/-/pump-3.0.0.tgz",
      "integrity": "sha512-LwZy+p3SFs1Pytd/jYct4wpv49HiYCqd9Rlc5ZVdk0V+8Yzv6jR5Blk3TRmPL1ft69TxP0IMZGJ+WPFU2BFhww==",
      "requires": {
        "end-of-stream": "^1.1.0",
        "once": "^1.3.1"
      }
    },
    "quick-lru": {
      "version": "5.1.1",
      "resolved": "https://registry.npmjs.org/quick-lru/-/quick-lru-5.1.1.tgz",
      "integrity": "sha512-WuyALRjWPDGtt/wzJiadO5AXY+8hZ80hVpe6MyivgraREW751X3SbhRvG3eLKOYN+8VEvqLcf3wdnt44Z4S4SA=="
    },
    "rc": {
      "version": "1.2.8",
      "resolved": "https://registry.npmjs.org/rc/-/rc-1.2.8.tgz",
      "integrity": "sha512-y3bGgqKj3QBdxLbLkomlohkvsA8gdAiUQlSBJnBhfn+BPxg4bc62d8TcBW15wavDfgexCgccckhcZvywyQYPOw==",
      "requires": {
        "deep-extend": "^0.6.0",
        "ini": "~1.3.0",
        "minimist": "^1.2.0",
        "strip-json-comments": "~2.0.1"
      }
    },
    "readdirp": {
      "version": "3.6.0",
      "resolved": "https://registry.npmjs.org/readdirp/-/readdirp-3.6.0.tgz",
      "integrity": "sha512-hOS089on8RduqdbhvQ5Z37A0ESjsqz6qnRcffsMU3495FuTdqSm+7bhJ29JvIOsBDEEnan5DPu9t3To9VRlMzA==",
      "requires": {
        "picomatch": "^2.2.1"
      }
    },
    "registry-auth-token": {
      "version": "4.2.1",
      "resolved": "https://registry.npmjs.org/registry-auth-token/-/registry-auth-token-4.2.1.tgz",
      "integrity": "sha512-6gkSb4U6aWJB4SF2ZvLb76yCBjcvufXBqvvEx1HbmKPkutswjW1xNVRY0+daljIYRbogN7O0etYSlbiaEQyMyw==",
      "requires": {
        "rc": "^1.2.8"
      }
    },
    "registry-url": {
      "version": "5.1.0",
      "resolved": "https://registry.npmjs.org/registry-url/-/registry-url-5.1.0.tgz",
      "integrity": "sha512-8acYXXTI0AkQv6RAOjE3vOaIXZkT9wo4LOFbBKYQEEnnMNBpKqdUrI6S4NT0KPIo/WVvJ5tE/X5LF/TQUf0ekw==",
      "requires": {
        "rc": "^1.2.8"
      }
    },
    "resolve-alpn": {
      "version": "1.2.1",
      "resolved": "https://registry.npmjs.org/resolve-alpn/-/resolve-alpn-1.2.1.tgz",
      "integrity": "sha512-0a1F4l73/ZFZOakJnQ3FvkJ2+gSTQWz/r2KE5OdDY0TxPm5h4GkqkWWfM47T7HsbnOtcJVEF4epCVy6u7Q3K+g=="
    },
    "responselike": {
      "version": "2.0.0",
      "resolved": "https://registry.npmjs.org/responselike/-/responselike-2.0.0.tgz",
      "integrity": "sha512-xH48u3FTB9VsZw7R+vvgaKeLKzT6jOogbQhEe/jewwnZgzPcnyWui2Av6JpoYZF/91uueC+lqhWqeURw5/qhCw==",
      "requires": {
        "lowercase-keys": "^2.0.0"
      }
    },
    "sass": {
      "version": "1.45.2",
      "resolved": "https://registry.npmjs.org/sass/-/sass-1.45.2.tgz",
      "integrity": "sha512-cKfs+F9AMPAFlbbTXNsbGvg3y58nV0mXA3E94jqaySKcC8Kq3/8983zVKQ0TLMUrHw7hF9Tnd3Bz9z5Xgtrl9g==",
      "requires": {
        "chokidar": ">=3.0.0 <4.0.0",
        "immutable": "^4.0.0",
        "source-map-js": ">=0.6.2 <2.0.0"
      }
    },
    "semver": {
      "version": "7.3.5",
      "resolved": "https://registry.npmjs.org/semver/-/semver-7.3.5.tgz",
      "integrity": "sha512-PoeGJYh8HK4BTO/a9Tf6ZG3veo/A7ZVsYrSA6J8ny9nb3B1VrpkuN+z9OE5wfE5p6H4LchYZsegiQgbJD94ZFQ==",
      "requires": {
        "lru-cache": "^6.0.0"
      }
    },
    "source-map-js": {
      "version": "1.0.1",
      "resolved": "https://registry.npmjs.org/source-map-js/-/source-map-js-1.0.1.tgz",
      "integrity": "sha512-4+TN2b3tqOCd/kaGRJ/sTYA0tR0mdXx26ipdolxcwtJVqEnqNYvlCAt1q3ypy4QMlYus+Zh34RNtYLoq2oQ4IA=="
    },
    "strip-json-comments": {
      "version": "2.0.1",
      "resolved": "https://registry.npmjs.org/strip-json-comments/-/strip-json-comments-2.0.1.tgz",
      "integrity": "sha1-PFMZQukIwml8DsNEhYwobHygpgo="
    },
    "to-regex-range": {
      "version": "5.0.1",
      "resolved": "https://registry.npmjs.org/to-regex-range/-/to-regex-range-5.0.1.tgz",
      "integrity": "sha512-65P7iz6X5yEr1cwcgvQxbbIw7Uk3gOy5dIdtZ4rDveLqhrdJP+Li/Hx6tyK0NEb+2GCyneCMJiGqrADCSNk8sQ==",
      "requires": {
        "is-number": "^7.0.0"
      }
    },
    "wrappy": {
      "version": "1.0.2",
      "resolved": "https://registry.npmjs.org/wrappy/-/wrappy-1.0.2.tgz",
      "integrity": "sha1-tSQ9jz7BqjXxNkYFvA0QNuMKtp8="
    },
    "yallist": {
      "version": "4.0.0",
      "resolved": "https://registry.npmjs.org/yallist/-/yallist-4.0.0.tgz",
      "integrity": "sha512-3wdGidZyq5PB084XLES5TpOSRA3wjXAlIWMhum2kRcv/41Sn2emQ0dycQW4uZXLejwKvg6EsvbdlVL+FYEct7A=="
    }
  }
}
